
Microsoft Visual Studio Solution File, Format Version 12.00
# Visual Studio Version 16
VisualStudioVersion = 16.0.30711.63
MinimumVisualStudioVersion = 10.0.40219.1
Project("{FAE04EC0-301F-11D3-BF4B-00C04F79EFBC}") = "VidoixHUB.Farmer", "VidoixHUB.Farmer\VidoixHUB.Farmer.csproj", "{0C99387E-F143-46A3-ADFA-9A0F26ED43C2}"
EndProject
Global
	GlobalSection(SolutionConfigurationPlatforms) = preSolution
		Debug|Any CPU = Debug|Any CPU
		Debug|x64 = Debug|x64
		Release|Any CPU = Release|Any CPU
		Release|x64 = Release|x64
	EndGlobalSection
	GlobalSection(ProjectConfigurationPlatforms) = postSolution
		{0C99387E-F143-46A3-ADFA-9A0F26ED43C2}.Debug|Any CPU.ActiveCfg = Debug|Any CPU
		{0C99387E-F143-46A3-ADFA-9A0F26ED43C2}.Debug|Any CPU.Build.0 = Debug|Any CPU
		{0C99387E-F143-46A3-ADFA-9A0F26ED43C2}.Debug|x64.ActiveCfg = Debug|x64
		{0C99387E-F143-46A3-ADFA-9A0F26ED43C2}.Debug|x64.Build.0 = Debug|x64
		{0C99387E-F143-46A3-ADFA-9A0F26ED43C2}.Release|Any CPU.ActiveCfg = Release|Any CPU
		{0C99387E-F143-46A3-ADFA-9A0F26ED43C2}.Release|Any CPU.Build.0 = Release|Any CPU
		{0C99387E-F143-46A3-ADFA-9A0F26ED43C2}.Release|x64.ActiveCfg = Release|x64
		{0C99387E-F143-46A3-ADFA-9A0F26ED43C2}.Release|x64.Build.0 = Release|x64
	EndGlobalSection
	GlobalSection(SolutionProperties) = preSolution
		HideSolutionNode = FALSE
	EndGlobalSection
	GlobalSection(ExtensibilityGlobals) = postSolution
		SolutionGuid = {C9CC203E-C2ED-4D46-8BB4-0E2873378E21}
	EndGlobalSection
EndGlobal
